PODS:
  - AFNetworking (1.3.1)

DEPENDENCIES:
  - AFNetworking (from `https://github.com/AFNetworking/AFNetworking.git`)

EXTERNAL SOURCES:
  AFNetworking:
    :git: https://github.com/AFNetworking/AFNetworking.git

SPEC CHECKSUMS:
  AFNetworking: 7337ed638bf25ca2ab2bdec944b036e568e2b0e7

COCOAPODS: 0.29.0
